
Microsoft Visual Studio Solution File, Format Version 12.00
# Visual Studio Version 17
VisualStudioVersion = 17.1.32407.343
MinimumVisualStudioVersion = 10.0.40219.1
Project("{FAE04EC0-301F-11D3-BF4B-00C04F79EFBC}") = "LetsPet_Employees", "LetsPet_Employees.csproj", "{A5F1B892-50AB-417E-90AD-B7D7719FCAAA}"
EndProject
Global
	GlobalSection(SolutionConfigurationPlatforms) = preSolution
		Debug|Any CPU = Debug|Any CPU
		Release|Any CPU = Release|Any CPU
	EndGlobalSection
	GlobalSection(ProjectConfigurationPlatforms) = postSolution
		{A5F1B892-50AB-417E-90AD-B7D7719FCAAA}.Debug|Any CPU.ActiveCfg = Debug|Any CPU
		{A5F1B892-50AB-417E-90AD-B7D7719FCAAA}.Debug|Any CPU.Build.0 = Debug|Any CPU
		{A5F1B892-50AB-417E-90AD-B7D7719FCAAA}.Release|Any CPU.ActiveCfg = Release|Any CPU
		{A5F1B892-50AB-417E-90AD-B7D7719FCAAA}.Release|Any CPU.Build.0 = Release|Any CPU
	EndGlobalSection
	GlobalSection(SolutionProperties) = preSolution
		HideSolutionNode = FALSE
	EndGlobalSection
	GlobalSection(ExtensibilityGlobals) = postSolution
		SolutionGuid = {2A724E3F-686E-4C91-B43C-0B3AB99A4DC5}
	EndGlobalSection
EndGlobal
